
Microsoft Visual Studio Solution File, Format Version 12.00
# Visual Studio Version 16
VisualStudioVersion = 16.0.30804.86
MinimumVisualStudioVersion = 10.0.40219.1
Project("{8BC9CEB8-8B4A-11D0-8D11-00A0C91BC942}") = "5.2 单例模式练习", "5.2 单例模式练习.vcxproj", "{562C581B-4A39-4EC7-A27F-27FCC9E8E5D2}"
EndProject
Global
	GlobalSection(SolutionConfigurationPlatforms) = preSolution
		Debug|x64 = Debug|x64
		Debug|x86 = Debug|x86
		Release|x64 = Release|x64
		Release|x86 = Release|x86
	EndGlobalSection
	GlobalSection(ProjectConfigurationPlatforms) = postSolution
		{562C581B-4A39-4EC7-A27F-27FCC9E8E5D2}.Debug|x64.ActiveCfg = Debug|x64
		{562C581B-4A39-4EC7-A27F-27FCC9E8E5D2}.Debug|x64.Build.0 = Debug|x64
		{562C581B-4A39-4EC7-A27F-27FCC9E8E5D2}.Debug|x86.ActiveCfg = Debug|Win32
		{562C581B-4A39-4EC7-A27F-27FCC9E8E5D2}.Debug|x86.Build.0 = Debug|Win32
		{562C581B-4A39-4EC7-A27F-27FCC9E8E5D2}.Release|x64.ActiveCfg = Release|x64
		{562C581B-4A39-4EC7-A27F-27FCC9E8E5D2}.Release|x64.Build.0 = Release|x64
		{562C581B-4A39-4EC7-A27F-27FCC9E8E5D2}.Release|x86.ActiveCfg = Release|Win32
		{562C581B-4A39-4EC7-A27F-27FCC9E8E5D2}.Release|x86.Build.0 = Release|Win32
	EndGlobalSection
	GlobalSection(SolutionProperties) = preSolution
		HideSolutionNode = FALSE
	EndGlobalSection
	GlobalSection(ExtensibilityGlobals) = postSolution
		SolutionGuid = {2B03A3C7-8D08-4B50-A5ED-F934492604BB}
	EndGlobalSection
EndGlobal
