
Microsoft Visual Studio Solution File, Format Version 12.00
# Visual Studio Version 16
VisualStudioVersion = 16.0.30804.86
MinimumVisualStudioVersion = 10.0.40219.1
Project("{8BC9CEB8-8B4A-11D0-8D11-00A0C91BC942}") = "5.1 String 类的实现", "5.1 String 类的实现.vcxproj", "{00A121E3-AE5E-4219-A4FD-910341602C35}"
EndProject
Global
	GlobalSection(SolutionConfigurationPlatforms) = preSolution
		Debug|x64 = Debug|x64
		Debug|x86 = Debug|x86
		Release|x64 = Release|x64
		Release|x86 = Release|x86
	EndGlobalSection
	GlobalSection(ProjectConfigurationPlatforms) = postSolution
		{00A121E3-AE5E-4219-A4FD-910341602C35}.Debug|x64.ActiveCfg = Debug|x64
		{00A121E3-AE5E-4219-A4FD-910341602C35}.Debug|x64.Build.0 = Debug|x64
		{00A121E3-AE5E-4219-A4FD-910341602C35}.Debug|x86.ActiveCfg = Debug|Win32
		{00A121E3-AE5E-4219-A4FD-910341602C35}.Debug|x86.Build.0 = Debug|Win32
		{00A121E3-AE5E-4219-A4FD-910341602C35}.Release|x64.ActiveCfg = Release|x64
		{00A121E3-AE5E-4219-A4FD-910341602C35}.Release|x64.Build.0 = Release|x64
		{00A121E3-AE5E-4219-A4FD-910341602C35}.Release|x86.ActiveCfg = Release|Win32
		{00A121E3-AE5E-4219-A4FD-910341602C35}.Release|x86.Build.0 = Release|Win32
	EndGlobalSection
	GlobalSection(SolutionProperties) = preSolution
		HideSolutionNode = FALSE
	EndGlobalSection
	GlobalSection(ExtensibilityGlobals) = postSolution
		SolutionGuid = {1E8D7A02-DDA4-4BBB-A5ED-4AA17AC2E496}
	EndGlobalSection
EndGlobal
