
Microsoft Visual Studio Solution File, Format Version 12.00
# Visual Studio Version 16
VisualStudioVersion = 16.0.30711.63
MinimumVisualStudioVersion = 10.0.40219.1
Project("{8BC9CEB8-8B4A-11D0-8D11-00A0C91BC942}") = "1.1 队列类的设计", "1.1 队列类的设计.vcxproj", "{5367AC21-D76E-4674-81BB-754C82EFD22D}"
EndProject
Global
	GlobalSection(SolutionConfigurationPlatforms) = preSolution
		Debug|x64 = Debug|x64
		Debug|x86 = Debug|x86
		Release|x64 = Release|x64
		Release|x86 = Release|x86
	EndGlobalSection
	GlobalSection(ProjectConfigurationPlatforms) = postSolution
		{5367AC21-D76E-4674-81BB-754C82EFD22D}.Debug|x64.ActiveCfg = Debug|x64
		{5367AC21-D76E-4674-81BB-754C82EFD22D}.Debug|x64.Build.0 = Debug|x64
		{5367AC21-D76E-4674-81BB-754C82EFD22D}.Debug|x86.ActiveCfg = Debug|Win32
		{5367AC21-D76E-4674-81BB-754C82EFD22D}.Debug|x86.Build.0 = Debug|Win32
		{5367AC21-D76E-4674-81BB-754C82EFD22D}.Release|x64.ActiveCfg = Release|x64
		{5367AC21-D76E-4674-81BB-754C82EFD22D}.Release|x64.Build.0 = Release|x64
		{5367AC21-D76E-4674-81BB-754C82EFD22D}.Release|x86.ActiveCfg = Release|Win32
		{5367AC21-D76E-4674-81BB-754C82EFD22D}.Release|x86.Build.0 = Release|Win32
	EndGlobalSection
	GlobalSection(SolutionProperties) = preSolution
		HideSolutionNode = FALSE
	EndGlobalSection
	GlobalSection(ExtensibilityGlobals) = postSolution
		SolutionGuid = {985D2879-7BDE-453D-A09D-41AF607CCCE9}
	EndGlobalSection
EndGlobal
