
Microsoft Visual Studio Solution File, Format Version 12.00
# Visual Studio Version 16
VisualStudioVersion = 16.0.30717.126
MinimumVisualStudioVersion = 10.0.40219.1
Project("{8BC9CEB8-8B4A-11D0-8D11-00A0C91BC942}") = "2.2 函数指针的使用", "2.2 函数指针的使用.vcxproj", "{F538A705-825C-4BA5-ABDE-E28F09EA7991}"
EndProject
Global
	GlobalSection(SolutionConfigurationPlatforms) = preSolution
		Debug|x64 = Debug|x64
		Debug|x86 = Debug|x86
		Release|x64 = Release|x64
		Release|x86 = Release|x86
	EndGlobalSection
	GlobalSection(ProjectConfigurationPlatforms) = postSolution
		{F538A705-825C-4BA5-ABDE-E28F09EA7991}.Debug|x64.ActiveCfg = Debug|x64
		{F538A705-825C-4BA5-ABDE-E28F09EA7991}.Debug|x64.Build.0 = Debug|x64
		{F538A705-825C-4BA5-ABDE-E28F09EA7991}.Debug|x86.ActiveCfg = Debug|Win32
		{F538A705-825C-4BA5-ABDE-E28F09EA7991}.Debug|x86.Build.0 = Debug|Win32
		{F538A705-825C-4BA5-ABDE-E28F09EA7991}.Release|x64.ActiveCfg = Release|x64
		{F538A705-825C-4BA5-ABDE-E28F09EA7991}.Release|x64.Build.0 = Release|x64
		{F538A705-825C-4BA5-ABDE-E28F09EA7991}.Release|x86.ActiveCfg = Release|Win32
		{F538A705-825C-4BA5-ABDE-E28F09EA7991}.Release|x86.Build.0 = Release|Win32
	EndGlobalSection
	GlobalSection(SolutionProperties) = preSolution
		HideSolutionNode = FALSE
	EndGlobalSection
	GlobalSection(ExtensibilityGlobals) = postSolution
		SolutionGuid = {E5F04EA1-D168-497A-BE2C-6E136A27312A}
	EndGlobalSection
EndGlobal
